
Microsoft Visual Studio Solution File, Format Version 12.00
# Visual Studio Version 17
VisualStudioVersion = 17.5.002.0
MinimumVisualStudioVersion = 10.0.40219.1
Project("{9A19103F-16F7-4668-BE54-9A1E7A4F7556}") = "ServerCoin", "ServerCoin\ServerCoin.csproj", "{E978320E-45E0-48BA-8CAA-D2537B411754}"
EndProject
Global
	GlobalSection(SolutionConfigurationPlatforms) = preSolution
		Debug|Any CPU = Debug|Any CPU
		Release|Any CPU = Release|Any CPU
	EndGlobalSection
	GlobalSection(ProjectConfigurationPlatforms) = postSolution
		{E978320E-45E0-48BA-8CAA-D2537B411754}.Debug|Any CPU.ActiveCfg = Debug|Any CPU
		{E978320E-45E0-48BA-8CAA-D2537B411754}.Debug|Any CPU.Build.0 = Debug|Any CPU
		{E978320E-45E0-48BA-8CAA-D2537B411754}.Release|Any CPU.ActiveCfg = Release|Any CPU
		{E978320E-45E0-48BA-8CAA-D2537B411754}.Release|Any CPU.Build.0 = Release|Any CPU
	EndGlobalSection
	GlobalSection(SolutionProperties) = preSolution
		HideSolutionNode = FALSE
	EndGlobalSection
	GlobalSection(ExtensibilityGlobals) = postSolution
		SolutionGuid = {731D342F-AA8D-48FD-A5B6-1D2F0C965A3C}
	EndGlobalSection
EndGlobal
